
Microsoft Visual Studio Solution File, Format Version 12.00
# Visual Studio 15
VisualStudioVersion = 15.0.28010.2046
MinimumVisualStudioVersion = 10.0.40219.1
Project("{FAE04EC0-301F-11D3-BF4B-00C04F79EFBC}") = "Polygon Editor", "Polygon Editor\Polygon Editor.csproj", "{A436C6D4-B881-4AB7-9B2D-746C4B5F2EAC}"
EndProject
Global
	GlobalSection(SolutionConfigurationPlatforms) = preSolution
		Debug|Any CPU = Debug|Any CPU
		Release|Any CPU = Release|Any CPU
	EndGlobalSection
	GlobalSection(ProjectConfigurationPlatforms) = postSolution
		{A436C6D4-B881-4AB7-9B2D-746C4B5F2EAC}.Debug|Any CPU.ActiveCfg = Debug|Any CPU
		{A436C6D4-B881-4AB7-9B2D-746C4B5F2EAC}.Debug|Any CPU.Build.0 = Debug|Any CPU
		{A436C6D4-B881-4AB7-9B2D-746C4B5F2EAC}.Release|Any CPU.ActiveCfg = Release|Any CPU
		{A436C6D4-B881-4AB7-9B2D-746C4B5F2EAC}.Release|Any CPU.Build.0 = Release|Any CPU
	EndGlobalSection
	GlobalSection(SolutionProperties) = preSolution
		HideSolutionNode = FALSE
	EndGlobalSection
	GlobalSection(ExtensibilityGlobals) = postSolution
		SolutionGuid = {D5B0776F-EB03-4343-BA6D-5DA5EF0788DB}
	EndGlobalSection
EndGlobal
